
Microsoft Visual Studio Solution File, Format Version 12.00
# Visual Studio Version 17
VisualStudioVersion = 17.10.35027.167
MinimumVisualStudioVersion = 10.0.40219.1
Project("{FAE04EC0-301F-11D3-BF4B-00C04F79EFBC}") = "LivroSeuAPI", "LivroSeuAPI.csproj", "{EE13A478-F553-4499-989D-6508DF01F00A}"
EndProject
Global
	GlobalSection(SolutionConfigurationPlatforms) = preSolution
		Debug|Any CPU = Debug|Any CPU
		Release|Any CPU = Release|Any CPU
	EndGlobalSection
	GlobalSection(ProjectConfigurationPlatforms) = postSolution
		{EE13A478-F553-4499-989D-6508DF01F00A}.Debug|Any CPU.ActiveCfg = Debug|Any CPU
		{EE13A478-F553-4499-989D-6508DF01F00A}.Debug|Any CPU.Build.0 = Debug|Any CPU
		{EE13A478-F553-4499-989D-6508DF01F00A}.Release|Any CPU.ActiveCfg = Release|Any CPU
		{EE13A478-F553-4499-989D-6508DF01F00A}.Release|Any CPU.Build.0 = Release|Any CPU
	EndGlobalSection
	GlobalSection(SolutionProperties) = preSolution
		HideSolutionNode = FALSE
	EndGlobalSection
	GlobalSection(ExtensibilityGlobals) = postSolution
		SolutionGuid = {4392D1D3-5B5C-4FFF-A5D0-CF112CC20C00}
	EndGlobalSection
EndGlobal
